// !$*UTF8*$!
{
	archiveVersion = 1;
	classes = {
	};
	objectVersion = 51;
	objects = {

/* Begin PBXBuildFile section */
		2E2DFA2C263BE8D000D4A9F3 /* BillOrderData.swift in Sources */ = {isa = PBXBuildFile; fileRef = 2E2DFA2B263BE8D000D4A9F3 /* BillOrderData.swift */; };
		2E2DFA31263C332600D4A9F3 /* OrderDetailsViewController.swift in Sources */ = {isa = PBXBuildFile; fileRef = 2E2DFA30263C332600D4A9F3 /* OrderDetailsViewController.swift */; };
		2E43FCD025EE4F8A00FB5AAD /* AppDelegate.swift in Sources */ = {isa = PBXBuildFile; fileRef = 2E43FCCF25EE4F8A00FB5AAD /* AppDelegate.swift */; };
		2E43FCD225EE4F8A00FB5AAD /* SceneDelegate.swift in Sources */ = {isa = PBXBuildFile; fileRef = 2E43FCD125EE4F8A00FB5AAD /* SceneDelegate.swift */; };
		2E43FCD425EE4F8A00FB5AAD /* RegisterViewController.swift in Sources */ = {isa = PBXBuildFile; fileRef = 2E43FCD325EE4F8A00FB5AAD /* RegisterViewController.swift */; };
		2E43FCD725EE4F8A00FB5AAD /* Main.storyboard in Resources */ = {isa = PBXBuildFile; fileRef = 2E43FCD525EE4F8A00FB5AAD /* Main.storyboard */; };
		2E43FCD925EE4F8B00FB5AAD /* Assets.xcassets in Resources */ = {isa = PBXBuildFile; fileRef = 2E43FCD825EE4F8B00FB5AAD /* Assets.xcassets */; };
		2E43FCDC25EE4F8B00FB5AAD /* LaunchScreen.storyboard in Resources */ = {isa = PBXBuildFile; fileRef = 2E43FCDA25EE4F8B00FB5AAD /* LaunchScreen.storyboard */; };
		2E43FCEE25EE64D500FB5AAD /* LoginViewController.swift in Sources */ = {isa = PBXBuildFile; fileRef = 2E43FCED25EE64D500FB5AAD /* LoginViewController.swift */; };
		2E43FCF225EE650D00FB5AAD /* ForgetPasswordViewController.swift in Sources */ = {isa = PBXBuildFile; fileRef = 2E43FCF125EE650D00FB5AAD /* ForgetPasswordViewController.swift */; };
		2E43FD0625EE68F300FB5AAD /* GoogleService-Info.plist in Resources */ = {isa = PBXBuildFile; fileRef = 2E43FD0525EE68F300FB5AAD /* GoogleService-Info.plist */; };
		2E43FD0D25EE6C5500FB5AAD /* FirebaseService.swift in Sources */ = {isa = PBXBuildFile; fileRef = 2E43FD0C25EE6C5500FB5AAD /* FirebaseService.swift */; };
		2E63609C25F0E29F00E29CAC /* FoodViewController.swift in Sources */ = {isa = PBXBuildFile; fileRef = 2E63609B25F0E29F00E29CAC /* FoodViewController.swift */; };
		2E6D8E3A26255B2F006E6CC0 /* FirestoreDataService.swift in Sources */ = {isa = PBXBuildFile; fileRef = 2E6D8E3926255B2F006E6CC0 /* FirestoreDataService.swift */; };
		2E8CE898263BC2DC003C0A7D /* InitialViewController.swift in Sources */ = {isa = PBXBuildFile; fileRef = 2E8CE897263BC2DC003C0A7D /* InitialViewController.swift */; };
		2E8CE89B263BC513003C0A7D /* Category.swift in Sources */ = {isa = PBXBuildFile; fileRef = 2E8CE89A263BC513003C0A7D /* Category.swift */; };
		2E8CE89E263BC52A003C0A7D /* CategoryData.swift in Sources */ = {isa = PBXBuildFile; fileRef = 2E8CE89D263BC52A003C0A7D /* CategoryData.swift */; };
		2EA6306D25F1F3BD00CB490C /* StoreTabBarController.swift in Sources */ = {isa = PBXBuildFile; fileRef = 2EA6306C25F1F3BD00CB490C /* StoreTabBarController.swift */; };
		2EAFBA7625F120C6001D7355 /* FoodData.swift in Sources */ = {isa = PBXBuildFile; fileRef = 2EAFBA7525F120C6001D7355 /* FoodData.swift */; };
		2EAFBA7A25F12126001D7355 /* CartData.swift in Sources */ = {isa = PBXBuildFile; fileRef = 2EAFBA7925F12126001D7355 /* CartData.swift */; };
		2EAFBA8A25F14124001D7355 /* OrderData.swift in Sources */ = {isa = PBXBuildFile; fileRef = 2EAFBA8925F14124001D7355 /* OrderData.swift */; };
		2EAFBA8D25F1416F001D7355 /* OrderModel.swift in Sources */ = {isa = PBXBuildFile; fileRef = 2EAFBA8C25F1416F001D7355 /* OrderModel.swift */; };
		2EAFBA9025F14317001D7355 /* OrderViewController.swift in Sources */ = {isa = PBXBuildFile; fileRef = 2EAFBA8F25F14317001D7355 /* OrderViewController.swift */; };
		2EAFBA9725F16A41001D7355 /* UserData.swift in Sources */ = {isa = PBXBuildFile; fileRef = 2EAFBA9625F16A41001D7355 /* UserData.swift */; };
		2EAFBAB025F16D20001D7355 /* UserModel.swift in Sources */ = {isa = PBXBuildFile; fileRef = 2EAFBAAF25F16D20001D7355 /* UserModel.swift */; };
		2EAFBAB325F17E0E001D7355 /* ProfileViewController.swift in Sources */ = {isa = PBXBuildFile; fileRef = 2EAFBAB225F17E0E001D7355 /* ProfileViewController.swift */; };
		2ECEBD3F26259BA600AB8B40 /* LocationService.swift in Sources */ = {isa = PBXBuildFile; fileRef = 2ECEBD3E26259BA600AB8B40 /* LocationService.swift */; };
		2ECEBD582625B3E100AB8B40 /* NotificationService.swift in Sources */ = {isa = PBXBuildFile; fileRef = 2ECEBD572625B3E100AB8B40 /* NotificationService.swift */; };
		2ECEBD712625B73600AB8B40 /* ResturentLocationData.swift in Sources */ = {isa = PBXBuildFile; fileRef = 2ECEBD702625B73600AB8B40 /* ResturentLocationData.swift */; };
		2EF2D51C25EFDEAC00633C6E /* ItemModel.swift in Sources */ = {isa = PBXBuildFile; fileRef = 2EF2D51B25EFDEAC00633C6E /* ItemModel.swift */; };
		2EF2D51F25EFE1B900633C6E /* CartModel.swift in Sources */ = {isa = PBXBuildFile; fileRef = 2EF2D51E25EFE1B900633C6E /* CartModel.swift */; };
		2EF2D52625F0740300633C6E /* StorePageViewController.swift in Sources */ = {isa = PBXBuildFile; fileRef = 2EF2D52525F0740300633C6E /* StorePageViewController.swift */; };
		FC5459469E642EE1BCD5A828 /* Pods_NIBM_CAFETERIA.framework in Frameworks */ = {isa = PBXBuildFile; fileRef = B3B85741B714E8038E98EC82 /* Pods_NIBM_CAFETERIA.framework */; };
/* End PBXBuildFile section */

/* Begin PBXFileReference section */
		2E2DFA2B263BE8D000D4A9F3 /* BillOrderData.swift */ = {isa = PBXFileReference; lastKnownFileType = sourcecode.swift; path = BillOrderData.swift; sourceTree = "<group>"; };
		2E2DFA30263C332600D4A9F3 /* OrderDetailsViewController.swift */ = {isa = PBXFileReference; lastKnownFileType = sourcecode.swift; path = OrderDetailsViewController.swift; sourceTree = "<group>"; };
		2E43FCCC25EE4F8A00FB5AAD /* NIBM-CAFETERIA.app */ = {isa = PBXFileReference; explicitFileType = wrapper.application; includeInIndex = 0; path = "NIBM-CAFETERIA.app"; sourceTree = BUILT_PRODUCTS_DIR; };
		2E43FCCF25EE4F8A00FB5AAD /* AppDelegate.swift */ = {isa = PBXFileReference; lastKnownFileType = sourcecode.swift; path = AppDelegate.swift; sourceTree = "<group>"; };
		2E43FCD125EE4F8A00FB5AAD /* SceneDelegate.swift */ = {isa = PBXFileReference; lastKnownFileType = sourcecode.swift; path = SceneDelegate.swift; sourceTree = "<group>"; };
		2E43FCD325EE4F8A00FB5AAD /* RegisterViewController.swift */ = {isa = PBXFileReference; lastKnownFileType = sourcecode.swift; path = RegisterViewController.swift; sourceTree = "<group>"; };
		2E43FCD625EE4F8A00FB5AAD /* Base */ = {isa = PBXFileReference; lastKnownFileType = file.storyboard; name = Base; path = Base.lproj/Main.storyboard; sourceTree = "<group>"; };
		2E43FCD825EE4F8B00FB5AAD /* Assets.xcassets */ = {isa = PBXFileReference; lastKnownFileType = folder.assetcatalog; path = Assets.xcassets; sourceTree = "<group>"; };
		2E43FCDB25EE4F8B00FB5AAD /* Base */ = {isa = PBXFileReference; lastKnownFileType = file.storyboard; name = Base; path = Base.lproj/LaunchScreen.storyboard; sourceTree = "<group>"; };
		2E43FCDD25EE4F8B00FB5AAD /* Info.plist */ = {isa = PBXFileReference; lastKnownFileType = text.plist.xml; path = Info.plist; sourceTree = "<group>"; };
		2E43FCED25EE64D500FB5AAD /* LoginViewController.swift */ = {isa = PBXFileReference; lastKnownFileType = sourcecode.swift; path = LoginViewController.swift; sourceTree = "<group>"; };
		2E43FCF125EE650D00FB5AAD /* ForgetPasswordViewController.swift */ = {isa = PBXFileReference; lastKnownFileType = sourcecode.swift; path = ForgetPasswordViewController.swift; sourceTree = "<group>"; };
		2E43FD0525EE68F300FB5AAD /* GoogleService-Info.plist */ = {isa = PBXFileReference; fileEncoding = 4; lastKnownFileType = text.plist.xml; name = "GoogleService-Info.plist"; path = "../../../../Downloads/GoogleService-Info.plist"; sourceTree = "<group>"; };
		2E43FD0C25EE6C5500FB5AAD /* FirebaseService.swift */ = {isa = PBXFileReference; lastKnownFileType = sourcecode.swift; path = FirebaseService.swift; sourceTree = "<group>"; };
		2E63609B25F0E29F00E29CAC /* FoodViewController.swift */ = {isa = PBXFileReference; lastKnownFileType = sourcecode.swift; path = FoodViewController.swift; sourceTree = "<group>"; };
		2E6D8E3926255B2F006E6CC0 /* FirestoreDataService.swift */ = {isa = PBXFileReference; lastKnownFileType = sourcecode.swift; path = FirestoreDataService.swift; sourceTree = "<group>"; };
		2E8CE897263BC2DC003C0A7D /* InitialViewController.swift */ = {isa = PBXFileReference; lastKnownFileType = sourcecode.swift; path = InitialViewController.swift; sourceTree = "<group>"; };
		2E8CE89A263BC513003C0A7D /* Category.swift */ = {isa = PBXFileReference; lastKnownFileType = sourcecode.swift; path = Category.swift; sourceTree = "<group>"; };
		2E8CE89D263BC52A003C0A7D /* CategoryData.swift */ = {isa = PBXFileReference; lastKnownFileType = sourcecode.swift; path = CategoryData.swift; sourceTree = "<group>"; };
		2EA6306C25F1F3BD00CB490C /* StoreTabBarController.swift */ = {isa = PBXFileReference; lastKnownFileType = sourcecode.swift; path = StoreTabBarController.swift; sourceTree = "<group>"; };
		2EAFBA7525F120C6001D7355 /* FoodData.swift */ = {isa = PBXFileReference; lastKnownFileType = sourcecode.swift; path = FoodData.swift; sourceTree = "<group>"; };
		2EAFBA7925F12126001D7355 /* CartData.swift */ = {isa = PBXFileReference; lastKnownFileType = sourcecode.swift; path = CartData.swift; sourceTree = "<group>"; };
		2EAFBA8925F14124001D7355 /* OrderData.swift */ = {isa = PBXFileReference; lastKnownFileType = sourcecode.swift; path = OrderData.swift; sourceTree = "<group>"; };
		2EAFBA8C25F1416F001D7355 /* OrderModel.swift */ = {isa = PBXFileReference; lastKnownFileType = sourcecode.swift; path = OrderModel.swift; sourceTree = "<group>"; };
		2EAFBA8F25F14317001D7355 /* OrderViewController.swift */ = {isa = PBXFileReference; lastKnownFileType = sourcecode.swift; path = OrderViewController.swift; sourceTree = "<group>"; };
		2EAFBA9625F16A41001D7355 /* UserData.swift */ = {isa = PBXFileReference; lastKnownFileType = sourcecode.swift; path = UserData.swift; sourceTree = "<group>"; };
		2EAFBAAF25F16D20001D7355 /* UserModel.swift */ = {isa = PBXFileReference; lastKnownFileType = sourcecode.swift; path = UserModel.swift; sourceTree = "<group>"; };
		2EAFBAB225F17E0E001D7355 /* ProfileViewController.swift */ = {isa = PBXFileReference; lastKnownFileType = sourcecode.swift; path = ProfileViewController.swift; sourceTree = "<group>"; };
		2ECEBD3E26259BA600AB8B40 /* LocationService.swift */ = {isa = PBXFileReference; lastKnownFileType = sourcecode.swift; path = LocationService.swift; sourceTree = "<group>"; };
		2ECEBD572625B3E100AB8B40 /* NotificationService.swift */ = {isa = PBXFileReference; lastKnownFileType = sourcecode.swift; path = NotificationService.swift; sourceTree = "<group>"; };
		2ECEBD702625B73600AB8B40 /* ResturentLocationData.swift */ = {isa = PBXFileReference; lastKnownFileType = sourcecode.swift; path = ResturentLocationData.swift; sourceTree = "<group>"; };
		2EF2D51B25EFDEAC00633C6E /* ItemModel.swift */ = {isa = PBXFileReference; lastKnownFileType = sourcecode.swift; path = ItemModel.swift; sourceTree = "<group>"; };
		2EF2D51E25EFE1B900633C6E /* CartModel.swift */ = {isa = PBXFileReference; lastKnownFileType = sourcecode.swift; path = CartModel.swift; sourceTree = "<group>"; };
		2EF2D52525F0740300633C6E /* StorePageViewController.swift */ = {isa = PBXFileReference; lastKnownFileType = sourcecode.swift; path = StorePageViewController.swift; sourceTree = "<group>"; };
		ADF570708BF4142FB739E1AB /* Pods-NIBM-CAFETERIA.debug.xcconfig */ = {isa = PBXFileReference; includeInIndex = 1; lastKnownFileType = text.xcconfig; name = "Pods-NIBM-CAFETERIA.debug.xcconfig"; path = "Target Support Files/Pods-NIBM-CAFETERIA/Pods-NIBM-CAFETERIA.debug.xcconfig"; sourceTree = "<group>"; };
		B3B85741B714E8038E98EC82 /* Pods_NIBM_CAFETERIA.framework */ = {isa = PBXFileReference; explicitFileType = wrapper.framework; includeInIndex = 0; path = Pods_NIBM_CAFETERIA.framework; sourceTree = BUILT_PRODUCTS_DIR; };
		BBDE5D0EF6645E994DF90A2A /* Pods-NIBM-CAFETERIA.release.xcconfig */ = {isa = PBXFileReference; includeInIndex = 1; lastKnownFileType = text.xcconfig; name = "Pods-NIBM-CAFETERIA.release.xcconfig"; path = "Target Support Files/Pods-NIBM-CAFETERIA/Pods-NIBM-CAFETERIA.release.xcconfig"; sourceTree = "<group>"; };
/* End PBXFileReference section */

/* Begin PBXFrameworksBuildPhase section */
		2E43FCC925EE4F8A00FB5AAD /* Frameworks */ = {
			isa = PBXFrameworksBuildPhase;
			buildActionMask = 2147483647;
			files = (
				FC5459469E642EE1BCD5A828 /* Pods_NIBM_CAFETERIA.framework in Frameworks */,
			);
			runOnlyForDeploymentPostprocessing = 0;
		};
/* End PBXFrameworksBuildPhase section */

/* Begin PBXGroup section */
		2E43FCC325EE4F8A00FB5AAD = {
			isa = PBXGroup;
			children = (
				2E43FD0525EE68F300FB5AAD /* GoogleService-Info.plist */,
				2E43FCCE25EE4F8A00FB5AAD /* NIBM-CAFETERIA */,
				2E43FCCD25EE4F8A00FB5AAD /* Products */,
				ECC816DBE7F621FA4EF157BA /* Pods */,
				6872F44E9BA4F1C87D3D3A96 /* Frameworks */,
			);
			sourceTree = "<group>";
		};
		2E43FCCD25EE4F8A00FB5AAD /* Products */ = {
			isa = PBXGroup;
			children = (
				2E43FCCC25EE4F8A00FB5AAD /* NIBM-CAFETERIA.app */,
			);
			name = Products;
			sourceTree = "<group>";
		};
		2E43FCCE25EE4F8A00FB5AAD /* NIBM-CAFETERIA */ = {
			isa = PBXGroup;
			children = (
				2EAFBA7425F120AD001D7355 /* Data */,
				2EF2D51A25EFDE8400633C6E /* Models */,
				2E43FCF425EE682200FB5AAD /* Services */,
				2E43FCEC25EE64B200FB5AAD /* ViewControllers */,
				2E43FCCF25EE4F8A00FB5AAD /* AppDelegate.swift */,
				2E43FCD125EE4F8A00FB5AAD /* SceneDelegate.swift */,
				2E43FCD525EE4F8A00FB5AAD /* Main.storyboard */,
				2E43FCD825EE4F8B00FB5AAD /* Assets.xcassets */,
				2E43FCDA25EE4F8B00FB5AAD /* LaunchScreen.storyboard */,
				2E43FCDD25EE4F8B00FB5AAD /* Info.plist */,
			);
			path = "NIBM-CAFETERIA";
			sourceTree = "<group>";
		};
		2E43FCEC25EE64B200FB5AAD /* ViewControllers */ = {
			isa = PBXGroup;
			children = (
				2E43FCD325EE4F8A00FB5AAD /* RegisterViewController.swift */,
				2E43FCED25EE64D500FB5AAD /* LoginViewController.swift */,
				2E43FCF125EE650D00FB5AAD /* ForgetPasswordViewController.swift */,
				2EF2D52525F0740300633C6E /* StorePageViewController.swift */,
				2E63609B25F0E29F00E29CAC /* FoodViewController.swift */,
				2EAFBA8F25F14317001D7355 /* OrderViewController.swift */,
				2EAFBAB225F17E0E001D7355 /* ProfileViewController.swift */,
				2EA6306C25F1F3BD00CB490C /* StoreTabBarController.swift */,
				2E8CE897263BC2DC003C0A7D /* InitialViewController.swift */,
				2E2DFA30263C332600D4A9F3 /* OrderDetailsViewController.swift */,
			);
			path = ViewControllers;
			sourceTree = "<group>";
		};
		2E43FCF425EE682200FB5AAD /* Services */ = {
			isa = PBXGroup;
			children = (
				2E43FD0C25EE6C5500FB5AAD /* FirebaseService.swift */,
				2E6D8E3926255B2F006E6CC0 /* FirestoreDataService.swift */,
				2ECEBD3E26259BA600AB8B40 /* LocationService.swift */,
				2ECEBD572625B3E100AB8B40 /* NotificationService.swift */,
			);
			path = Services;
			sourceTree = "<group>";
		};
		2EAFBA7425F120AD001D7355 /* Data */ = {
			isa = PBXGroup;
			children = (
				2EAFBA7525F120C6001D7355 /* FoodData.swift */,
				2EAFBA7925F12126001D7355 /* CartData.swift */,
				2EAFBA8925F14124001D7355 /* OrderData.swift */,
				2EAFBA9625F16A41001D7355 /* UserData.swift */,
				2ECEBD702625B73600AB8B40 /* ResturentLocationData.swift */,
				2E8CE89D263BC52A003C0A7D /* CategoryData.swift */,
				2E2DFA2B263BE8D000D4A9F3 /* BillOrderData.swift */,
			);
			path = Data;
			sourceTree = "<group>";
		};
		2EF2D51A25EFDE8400633C6E /* Models */ = {
			isa = PBXGroup;
			children = (
				2EF2D51B25EFDEAC00633C6E /* ItemModel.swift */,
				2EF2D51E25EFE1B900633C6E /* CartModel.swift */,
				2EAFBA8C25F1416F001D7355 /* OrderModel.swift */,
				2EAFBAAF25F16D20001D7355 /* UserModel.swift */,
				2E8CE89A263BC513003C0A7D /* Category.swift */,
			);
			path = Models;
			sourceTree = "<group>";
		};
		6872F44E9BA4F1C87D3D3A96 /* Frameworks */ = {
			isa = PBXGroup;
			children = (
				B3B85741B714E8038E98EC82 /* Pods_NIBM_CAFETERIA.framework */,
			);
			name = Frameworks;
			sourceTree = "<group>";
		};
		ECC816DBE7F621FA4EF157BA /* Pods */ = {
			isa = PBXGroup;
			children = (
				ADF570708BF4142FB739E1AB /* Pods-NIBM-CAFETERIA.debug.xcconfig */,
				BBDE5D0EF6645E994DF90A2A /* Pods-NIBM-CAFETERIA.release.xcconfig */,
			);
			path = Pods;
			sourceTree = "<group>";
		};
/* End PBXGroup section */

/* Begin PBXNativeTarget section */
		2E43FCCB25EE4F8A00FB5AAD /* NIBM-CAFETERIA */ = {
			isa = PBXNativeTarget;
			buildConfigurationList = 2E43FCE025EE4F8B00FB5AAD /* Build configuration list for PBXNativeTarget "NIBM-CAFETERIA" */;
			buildPhases = (
				AA65CFFD573A53EA14DB75BE /* [CP] Check Pods Manifest.lock */,
				2E43FCC825EE4F8A00FB5AAD /* Sources */,
				2E43FCC925EE4F8A00FB5AAD /* Frameworks */,
				2E43FCCA25EE4F8A00FB5AAD /* Resources */,
				50928B52413715E25F9F78B1 /* [CP] Embed Pods Frameworks */,
			);
			buildRules = (
			);
			dependencies = (
			);
			name = "NIBM-CAFETERIA";
			productName = "NIBM-CAFETERIA";
			productReference = 2E43FCCC25EE4F8A00FB5AAD /* NIBM-CAFETERIA.app */;
			productType = "com.apple.product-type.application";
		};
/* End PBXNativeTarget section */

/* Begin PBXProject section */
		2E43FCC425EE4F8A00FB5AAD /* Project object */ = {
			isa = PBXProject;
			attributes = {
				LastSwiftUpdateCheck = 1240;
				LastUpgradeCheck = 1240;
				TargetAttributes = {
					2E43FCCB25EE4F8A00FB5AAD = {
						CreatedOnToolsVersion = 12.4;
					};
				};
			};
			buildConfigurationList = 2E43FCC725EE4F8A00FB5AAD /* Build configuration list for PBXProject "NIBM-CAFETERIA" */;
			compatibilityVersion = "Xcode 9.3";
			developmentRegion = en;
			hasScannedForEncodings = 0;
			knownRegions = (
				en,
				Base,
			);
			mainGroup = 2E43FCC325EE4F8A00FB5AAD;
			productRefGroup = 2E43FCCD25EE4F8A00FB5AAD /* Products */;
			projectDirPath = "";
			projectRoot = "";
			targets = (
				2E43FCCB25EE4F8A00FB5AAD /* NIBM-CAFETERIA */,
			);
		};
/* End PBXProject section */

/* Begin PBXResourcesBuildPhase section */
		2E43FCCA25EE4F8A00FB5AAD /* Resources */ = {
			isa = PBXResourcesBuildPhase;
			buildActionMask = 2147483647;
			files = (
				2E43FCDC25EE4F8B00FB5AAD /* LaunchScreen.storyboard in Resources */,
				2E43FD0625EE68F300FB5AAD /* GoogleService-Info.plist in Resources */,
				2E43FCD925EE4F8B00FB5AAD /* Assets.xcassets in Resources */,
				2E43FCD725EE4F8A00FB5AAD /* Main.storyboard in Resources */,
			);
			runOnlyForDeploymentPostprocessing = 0;
		};
/* End PBXResourcesBuildPhase section */

/* Begin PBXShellScriptBuildPhase section */
		50928B52413715E25F9F78B1 /* [CP] Embed Pods Frameworks */ = {
			isa = PBXShellScriptBuildPhase;
			buildActionMask = 2147483647;
			files = (
			);
			inputFileListPaths = (
				"${PODS_ROOT}/Target Support Files/Pods-NIBM-CAFETERIA/Pods-NIBM-CAFETERIA-frameworks-${CONFIGURATION}-input-files.xcfilelist",
			);
			name = "[CP] Embed Pods Frameworks";
			outputFileListPaths = (
				"${PODS_ROOT}/Target Support Files/Pods-NIBM-CAFETERIA/Pods-NIBM-CAFETERIA-frameworks-${CONFIGURATION}-output-files.xcfilelist",
			);
			runOnlyForDeploymentPostprocessing = 0;
			shellPath = /bin/sh;
			shellScript = "\"${PODS_ROOT}/Target Support Files/Pods-NIBM-CAFETERIA/Pods-NIBM-CAFETERIA-frameworks.sh\"\n";
			showEnvVarsInLog = 0;
		};
		AA65CFFD573A53EA14DB75BE /* [CP] Check Pods Manifest.lock */ = {
			isa = PBXShellScriptBuildPhase;
			buildActionMask = 2147483647;
			files = (
			);
			inputFileListPaths = (
			);
			inputPaths = (
				"${PODS_PODFILE_DIR_PATH}/Podfile.lock",
				"${PODS_ROOT}/Manifest.lock",
			);
			name = "[CP] Check Pods Manifest.lock";
			outputFileListPaths = (
			);
			outputPaths = (
				"$(DERIVED_FILE_DIR)/Pods-NIBM-CAFETERIA-checkManifestLockResult.txt",
			);
			runOnlyForDeploymentPostprocessing = 0;
			shellPath = /bin/sh;
			shellScript = "diff \"${PODS_PODFILE_DIR_PATH}/Podfile.lock\" \"${PODS_ROOT}/Manifest.lock\" > /dev/null\nif [ $? != 0 ] ; then\n    # print error to STDERR\n    echo \"error: The sandbox is not in sync with the Podfile.lock. Run 'pod install' or update your CocoaPods installation.\" >&2\n    exit 1\nfi\n# This output is used by Xcode 'outputs' to avoid re-running this script phase.\necho \"SUCCESS\" > \"${SCRIPT_OUTPUT_FILE_0}\"\n";
			showEnvVarsInLog = 0;
		};
/* End PBXShellScriptBuildPhase section */

/* Begin PBXSourcesBuildPhase section */
		2E43FCC825EE4F8A00FB5AAD /* Sources */ = {
			isa = PBXSourcesBuildPhase;
			buildActionMask = 2147483647;
			files = (
				2E43FCEE25EE64D500FB5AAD /* LoginViewController.swift in Sources */,
				2E8CE89E263BC52A003C0A7D /* CategoryData.swift in Sources */,
				2EF2D52625F0740300633C6E /* StorePageViewController.swift in Sources */,
				2EAFBA7625F120C6001D7355 /* FoodData.swift in Sources */,
				2E2DFA31263C332600D4A9F3 /* OrderDetailsViewController.swift in Sources */,
				2E43FCD425EE4F8A00FB5AAD /* RegisterViewController.swift in Sources */,
				2E43FCF225EE650D00FB5AAD /* ForgetPasswordViewController.swift in Sources */,
				2EAFBA7A25F12126001D7355 /* CartData.swift in Sources */,
				2EAFBAB325F17E0E001D7355 /* ProfileViewController.swift in Sources */,
				2ECEBD712625B73600AB8B40 /* ResturentLocationData.swift in Sources */,
				2ECEBD3F26259BA600AB8B40 /* LocationService.swift in Sources */,
				2E2DFA2C263BE8D000D4A9F3 /* BillOrderData.swift in Sources */,
				2E43FCD025EE4F8A00FB5AAD /* AppDelegate.swift in Sources */,
				2E43FD0D25EE6C5500FB5AAD /* FirebaseService.swift in Sources */,
				2EAFBAB025F16D20001D7355 /* UserModel.swift in Sources */,
				2E63609C25F0E29F00E29CAC /* FoodViewController.swift in Sources */,
				2ECEBD582625B3E100AB8B40 /* NotificationService.swift in Sources */,
				2EAFBA8A25F14124001D7355 /* OrderData.swift in Sources */,
				2E8CE898263BC2DC003C0A7D /* InitialViewController.swift in Sources */,
				2E8CE89B263BC513003C0A7D /* Category.swift in Sources */,
				2EAFBA8D25F1416F001D7355 /* OrderModel.swift in Sources */,
				2EAFBA9025F14317001D7355 /* OrderViewController.swift in Sources */,
				2EAFBA9725F16A41001D7355 /* UserData.swift in Sources */,
				2EF2D51F25EFE1B900633C6E /* CartModel.swift in Sources */,
				2EF2D51C25EFDEAC00633C6E /* ItemModel.swift in Sources */,
				2E43FCD225EE4F8A00FB5AAD /* SceneDelegate.swift in Sources */,
				2EA6306D25F1F3BD00CB490C /* StoreTabBarController.swift in Sources */,
				2E6D8E3A26255B2F006E6CC0 /* FirestoreDataService.swift in Sources */,
			);
			runOnlyForDeploymentPostprocessing = 0;
		};
/* End PBXSourcesBuildPhase section */

/* Begin PBXVariantGroup section */
		2E43FCD525EE4F8A00FB5AAD /* Main.storyboard */ = {
			isa = PBXVariantGroup;
			children = (
				2E43FCD625EE4F8A00FB5AAD /* Base */,
			);
			name = Main.storyboard;
			sourceTree = "<group>";
		};
		2E43FCDA25EE4F8B00FB5AAD /* LaunchScreen.storyboard */ = {
			isa = PBXVariantGroup;
			children = (
				2E43FCDB25EE4F8B00FB5AAD /* Base */,
			);
			name = LaunchScreen.storyboard;
			sourceTree = "<group>";
		};
/* End PBXVariantGroup section */

/* Begin XCBuildConfiguration section */
		2E43FCDE25EE4F8B00FB5AAD /* Debug */ = {
			isa = XCBuildConfiguration;
			buildSettings = {
				ALWAYS_SEARCH_USER_PATHS = NO;
				CLANG_ANALYZER_NONNULL = YES;
				CLANG_ANALYZER_NUMBER_OBJECT_CONVERSION = YES_AGGRESSIVE;
				CLANG_CXX_LANGUAGE_STANDARD = "gnu++14";
				CLANG_CXX_LIBRARY = "libc++";
				CLANG_ENABLE_MODULES = YES;
				CLANG_ENABLE_OBJC_ARC = YES;
				CLANG_ENABLE_OBJC_WEAK = YES;
				CLANG_WARN_BLOCK_CAPTURE_AUTORELEASING = YES;
				CLANG_WARN_BOOL_CONVERSION = YES;
				CLANG_WARN_COMMA = YES;
				CLANG_WARN_CONSTANT_CONVERSION = YES;
				CLANG_WARN_DEPRECATED_OBJC_IMPLEMENTATIONS = YES;
				CLANG_WARN_DIRECT_OBJC_ISA_USAGE = YES_ERROR;
				CLANG_WARN_DOCUMENTATION_COMMENTS = YES;
				CLANG_WARN_EMPTY_BODY = YES;
				CLANG_WARN_ENUM_CONVERSION = YES;
				CLANG_WARN_INFINITE_RECURSION = YES;
				CLANG_WARN_INT_CONVERSION = YES;
				CLANG_WARN_NON_LITERAL_NULL_CONVERSION = YES;
				CLANG_WARN_OBJC_IMPLICIT_RETAIN_SELF = YES;
				CLANG_WARN_OBJC_LITERAL_CONVERSION = YES;
				CLANG_WARN_OBJC_ROOT_CLASS = YES_ERROR;
				CLANG_WARN_QUOTED_INCLUDE_IN_FRAMEWORK_HEADER = YES;
				CLANG_WARN_RANGE_LOOP_ANALYSIS = YES;
				CLANG_WARN_STRICT_PROTOTYPES = YES;
				CLANG_WARN_SUSPICIOUS_MOVE = YES;
				CLANG_WARN_UNGUARDED_AVAILABILITY = YES_AGGRESSIVE;
				CLANG_WARN_UNREACHABLE_CODE = YES;
				CLANG_WARN__DUPLICATE_METHOD_MATCH = YES;
				COPY_PHASE_STRIP = NO;
				DEBUG_INFORMATION_FORMAT = dwarf;
				ENABLE_STRICT_OBJC_MSGSEND = YES;
				ENABLE_TESTABILITY = YES;
				GCC_C_LANGUAGE_STANDARD = gnu11;
				GCC_DYNAMIC_NO_PIC = NO;
				GCC_NO_COMMON_BLOCKS = YES;
				GCC_OPTIMIZATION_LEVEL = 0;
				GCC_PREPROCESSOR_DEFINITIONS = (
					"DEBUG=1",
					"$(inherited)",
				);
				GCC_WARN_64_TO_32_BIT_CONVERSION = YES;
				GCC_WARN_ABOUT_RETURN_TYPE = YES_ERROR;
				GCC_WARN_UNDECLARED_SELECTOR = YES;
				GCC_WARN_UNINITIALIZED_AUTOS = YES_AGGRESSIVE;
				GCC_WARN_UNUSED_FUNCTION = YES;
				GCC_WARN_UNUSED_VARIABLE = YES;
				IPHONEOS_DEPLOYMENT_TARGET = 14.4;
				MTL_ENABLE_DEBUG_INFO = INCLUDE_SOURCE;
				MTL_FAST_MATH = YES;
				ONLY_ACTIVE_ARCH = YES;
				SDKROOT = iphoneos;
				SWIFT_ACTIVE_COMPILATION_CONDITIONS = DEBUG;
				SWIFT_OPTIMIZATION_LEVEL = "-Onone";
			};
			name = Debug;
		};
		2E43FCDF25EE4F8B00FB5AAD /* Release */ = {
			isa = XCBuildConfiguration;
			buildSettings = {
				ALWAYS_SEARCH_USER_PATHS = NO;
				CLANG_ANALYZER_NONNULL = YES;
				CLANG_ANALYZER_NUMBER_OBJECT_CONVERSION = YES_AGGRESSIVE;
				CLANG_CXX_LANGUAGE_STANDARD = "gnu++14";
				CLANG_CXX_LIBRARY = "libc++";
				CLANG_ENABLE_MODULES = YES;
				CLANG_ENABLE_OBJC_ARC = YES;
				CLANG_ENABLE_OBJC_WEAK = YES;
				CLANG_WARN_BLOCK_CAPTURE_AUTORELEASING = YES;
				CLANG_WARN_BOOL_CONVERSION = YES;
				CLANG_WARN_COMMA = YES;
				CLANG_WARN_CONSTANT_CONVERSION = YES;
				CLANG_WARN_DEPRECATED_OBJC_IMPLEMENTATIONS = YES;
				CLANG_WARN_DIRECT_OBJC_ISA_USAGE = YES_ERROR;
				CLANG_WARN_DOCUMENTATION_COMMENTS = YES;
				CLANG_WARN_EMPTY_BODY = YES;
				CLANG_WARN_ENUM_CONVERSION = YES;
				CLANG_WARN_INFINITE_RECURSION = YES;
				CLANG_WARN_INT_CONVERSION = YES;
				CLANG_WARN_NON_LITERAL_NULL_CONVERSION = YES;
				CLANG_WARN_OBJC_IMPLICIT_RETAIN_SELF = YES;
				CLANG_WARN_OBJC_LITERAL_CONVERSION = YES;
				CLANG_WARN_OBJC_ROOT_CLASS = YES_ERROR;
				CLANG_WARN_QUOTED_INCLUDE_IN_FRAMEWORK_HEADER = YES;
				CLANG_WARN_RANGE_LOOP_ANALYSIS = YES;
				CLANG_WARN_STRICT_PROTOTYPES = YES;
				CLANG_WARN_SUSPICIOUS_MOVE = YES;
				CLANG_WARN_UNGUARDED_AVAILABILITY = YES_AGGRESSIVE;
				CLANG_WARN_UNREACHABLE_CODE = YES;
				CLANG_WARN__DUPLICATE_METHOD_MATCH = YES;
				COPY_PHASE_STRIP = NO;
				DEBUG_INFORMATION_FORMAT = "dwarf-with-dsym";
				ENABLE_NS_ASSERTIONS = NO;
				ENABLE_STRICT_OBJC_MSGSEND = YES;
				GCC_C_LANGUAGE_STANDARD = gnu11;
				GCC_NO_COMMON_BLOCKS = YES;
				GCC_WARN_64_TO_32_BIT_CONVERSION = YES;
				GCC_WARN_ABOUT_RETURN_TYPE = YES_ERROR;
				GCC_WARN_UNDECLARED_SELECTOR = YES;
				GCC_WARN_UNINITIALIZED_AUTOS = YES_AGGRESSIVE;
				GCC_WARN_UNUSED_FUNCTION = YES;
				GCC_WARN_UNUSED_VARIABLE = YES;
				IPHONEOS_DEPLOYMENT_TARGET = 14.4;
				MTL_ENABLE_DEBUG_INFO = NO;
				MTL_FAST_MATH = YES;
				SDKROOT = iphoneos;
				SWIFT_COMPILATION_MODE = wholemodule;
				SWIFT_OPTIMIZATION_LEVEL = "-O";
				VALIDATE_PRODUCT = YES;
			};
			name = Release;
		};
		2E43FCE125EE4F8B00FB5AAD /* Debug */ = {
			isa = XCBuildConfiguration;
			baseConfigurationReference = ADF570708BF4142FB739E1AB /* Pods-NIBM-CAFETERIA.debug.xcconfig */;
			buildSettings = {
				ASSETCATALOG_COMPILER_APPICON_NAME = AppIcon;
				ASSETCATALOG_COMPILER_GLOBAL_ACCENT_COLOR_NAME = AccentColor;
				CODE_SIGN_STYLE = Automatic;
				DEVELOPMENT_TEAM = 3RTX4TG9LF;
				INFOPLIST_FILE = "NIBM-CAFETERIA/Info.plist";
				LD_RUNPATH_SEARCH_PATHS = (
					"$(inherited)",
					"@executable_path/Frameworks",
				);
				PRODUCT_BUNDLE_IDENTIFIER = "com.nibm.NIBM-CAFETERIA";
				PRODUCT_NAME = "$(TARGET_NAME)";
				SWIFT_VERSION = 5.0;
				TARGETED_DEVICE_FAMILY = "1,2";
			};
			name = Debug;
		};
		2E43FCE225EE4F8B00FB5AAD /* Release */ = {
			isa = XCBuildConfiguration;
			baseConfigurationReference = BBDE5D0EF6645E994DF90A2A /* Pods-NIBM-CAFETERIA.release.xcconfig */;
			buildSettings = {
				ASSETCATALOG_COMPILER_APPICON_NAME = AppIcon;
				ASSETCATALOG_COMPILER_GLOBAL_ACCENT_COLOR_NAME = AccentColor;
				CODE_SIGN_STYLE = Automatic;
				DEVELOPMENT_TEAM = 3RTX4TG9LF;
				INFOPLIST_FILE = "NIBM-CAFETERIA/Info.plist";
				LD_RUNPATH_SEARCH_PATHS = (
					"$(inherited)",
					"@executable_path/Frameworks",
				);
				PRODUCT_BUNDLE_IDENTIFIER = "com.nibm.NIBM-CAFETERIA";
				PRODUCT_NAME = "$(TARGET_NAME)";
				SWIFT_VERSION = 5.0;
				TARGETED_DEVICE_FAMILY = "1,2";
			};
			name = Release;
		};
/* End XCBuildConfiguration section */

/* Begin XCConfigurationList section */
		2E43FCC725EE4F8A00FB5AAD /* Build configuration list for PBXProject "NIBM-CAFETERIA" */ = {
			isa = XCConfigurationList;
			buildConfigurations = (
				2E43FCDE25EE4F8B00FB5AAD /* Debug */,
				2E43FCDF25EE4F8B00FB5AAD /* Release */,
			);
			defaultConfigurationIsVisible = 0;
			defaultConfigurationName = Release;
		};
		2E43FCE025EE4F8B00FB5AAD /* Build configuration list for PBXNativeTarget "NIBM-CAFETERIA" */ = {
			isa = XCConfigurationList;
			buildConfigurations = (
				2E43FCE125EE4F8B00FB5AAD /* Debug */,
				2E43FCE225EE4F8B00FB5AAD /* Release */,
			);
			defaultConfigurationIsVisible = 0;
			defaultConfigurationName = Release;
		};
/* End XCConfigurationList section */
	};
	rootObject = 2E43FCC425EE4F8A00FB5AAD /* Project object */;
}
